
Microsoft Visual Studio Solution File, Format Version 12.00
# Visual Studio Version 16
VisualStudioVersion = 16.0.29411.108
MinimumVisualStudioVersion = 10.0.40219.1
Project("{FAE04EC0-301F-11D3-BF4B-00C04F79EFBC}") = "Flappy Bird", "Flappy Bird\Flappy Bird.csproj", "{6FE9350A-C913-4F33-B187-56055D51098D}"
EndProject
Global
	GlobalSection(SolutionConfigurationPlatforms) = preSolution
		Debug|Any CPU = Debug|Any CPU
		Release|Any CPU = Release|Any CPU
	EndGlobalSection
	GlobalSection(ProjectConfigurationPlatforms) = postSolution
		{6FE9350A-C913-4F33-B187-56055D51098D}.Debug|Any CPU.ActiveCfg = Debug|Any CPU
		{6FE9350A-C913-4F33-B187-56055D51098D}.Debug|Any CPU.Build.0 = Debug|Any CPU
		{6FE9350A-C913-4F33-B187-56055D51098D}.Release|Any CPU.ActiveCfg = Release|Any CPU
		{6FE9350A-C913-4F33-B187-56055D51098D}.Release|Any CPU.Build.0 = Release|Any CPU
	EndGlobalSection
	GlobalSection(SolutionProperties) = preSolution
		HideSolutionNode = FALSE
	EndGlobalSection
	GlobalSection(ExtensibilityGlobals) = postSolution
		SolutionGuid = {D3C0A57C-72CB-4663-AD18-46E392FB516D}
	EndGlobalSection
EndGlobal
